{
  "version": 4,
  "terraform_version": "1.9.7",
  "serial": 5,
  "lineage": "687fad74-bfb0-5fba-c6d9-35edc191827a",
  "outputs": {},
  "resources": [
    {
      "mode": "managed",
      "type": "local_file",
      "name": "any_datatype",
      "provider": "provider[\"registry.terraform.io/hashicorp/local\"]",
      "instances": [
        {
          "schema_version": 0,
          "attributes": {
            "content": "false",
            "content_base64": null,
            "content_base64sha256": "/LzxZZCN0YqeSff/J4EBdtuOn2O0NSITdBZkJFIk+Ko=",
            "content_base64sha512": "cZ+mfu9JxLKiuD8MYr3diMEGqq234hrgV8iAK3AONvgf4/FEgS2LBdZtxmPZCLJWReFTJiz21FeqNOaEr54yjQ==",
            "content_md5": "68934a3e9455fa72420237eb05902327",
            "content_sha1": "7cb6efb98ba5972a9b5090dc2e517fe14d12cb04",
            "content_sha256": "fcbcf165908dd18a9e49f7ff27810176db8e9f63b4352213741664245224f8aa",
            "content_sha512": "719fa67eef49c4b2a2b83f0c62bddd88c106aaadb7e21ae057c8802b700e36f81fe3f144812d8b05d66dc663d908b25645e153262cf6d457aa34e684af9e328d",
            "directory_permission": "0777",
            "file_permission": "0777",
            "filename": "file4.txt",
            "id": "7cb6efb98ba5972a9b5090dc2e517fe14d12cb04",
            "sensitive_content": null,
            "source": null
          },
          "sensitive_attributes": [
            [
              {
                "type": "get_attr",
                "value": "sensitive_content"
              }
            ]
          ]
        }
      ]
    },
    {
      "mode": "managed",
      "type": "local_file",
      "name": "boolean_datatype",
      "provider": "provider[\"registry.terraform.io/hashicorp/local\"]",
      "instances": [
        {
          "schema_version": 0,
          "attributes": {
            "content": "true",
            "content_base64": null,
            "content_base64sha256": "tb6kG2xiP3wJ8b8k3K5Y66s8DN2QrZZrxDpFtEhn4Ss=",
            "content_base64sha512": "kSDNX67wegjpcf8CSj/L6h46a0QUKm2CyijGxC5PhSWVvPU9gdd28QVBBFq9t8N5UGKUFdDcZsjYbGSlYG0y3g==",
            "content_md5": "b326b5062b2f0e69046810717534cb09",
            "content_sha1": "5ffe533b830f08a0326348a9160afafc8ada44db",
            "content_sha256": "b5bea41b6c623f7c09f1bf24dcae58ebab3c0cdd90ad966bc43a45b44867e12b",
            "content_sha512": "9120cd5faef07a08e971ff024a3fcbea1e3a6b44142a6d82ca28c6c42e4f852595bcf53d81d776f10541045abdb7c37950629415d0dc66c8d86c64a5606d32de",
            "directory_permission": "0777",
            "file_permission": "0777",
            "filename": "file3.txt",
            "id": "5ffe533b830f08a0326348a9160afafc8ada44db",
            "sensitive_content": null,
            "source": null
          },
          "sensitive_attributes": [
            [
              {
                "type": "get_attr",
                "value": "sensitive_content"
              }
            ]
          ]
        }
      ]
    },
    {
      "mode": "managed",
      "type": "local_file",
      "name": "number_datatype",
      "provider": "provider[\"registry.terraform.io/hashicorp/local\"]",
      "instances": [
        {
          "schema_version": 0,
          "attributes": {
            "content": "8",
            "content_base64": null,
            "content_base64sha256": "LGJCMs3SIXcSlN+7MQrKAAoN9qyLZraW2Q7wb977ZKM=",
            "content_base64sha512": "vCO4sBdy0t1n77j+Gl5r0PRLl8NhAb5swJ8lO1PmjWeiLkZDBo39E0GYATTqV1cKz2XjBuTZbO9NVgOEiUyIpA==",
            "content_md5": "c9f0f895fb98ab9159f51fd0297e236d",
            "content_sha1": "fe5dbbcea5ce7e2988b8c69bcfdfde8904aabc1f",
            "content_sha256": "2c624232cdd221771294dfbb310aca000a0df6ac8b66b696d90ef06fdefb64a3",
            "content_sha512": "bc23b8b01772d2dd67efb8fe1a5e6bd0f44b97c36101be6cc09f253b53e68d67a22e4643068dfd1341980134ea57570acf65e306e4d96cef4d560384894c88a4",
            "directory_permission": "0777",
            "file_permission": "0777",
            "filename": "file1.txt",
            "id": "fe5dbbcea5ce7e2988b8c69bcfdfde8904aabc1f",
            "sensitive_content": null,
            "source": null
          },
          "sensitive_attributes": [
            [
              {
                "type": "get_attr",
                "value": "sensitive_content"
              }
            ]
          ]
        }
      ]
    },
    {
      "mode": "managed",
      "type": "local_file",
      "name": "string_datatype",
      "provider": "provider[\"registry.terraform.io/hashicorp/local\"]",
      "instances": [
        {
          "schema_version": 0,
          "attributes": {
            "content": "test",
            "content_base64": null,
            "content_base64sha256": "n4bQgYhMfWWaL+qgxVrQFaO/TxsrC4Is0V1sFbDwCgg=",
            "content_base64sha512": "7iaw3Ur350mqGo7jwQrpkj9hiYB3Lkc/iBml1JQODbJ6wYX4oOHV+E+IvIh/1nsUNzLDBMxfqa2Ob1f1ACio/w==",
            "content_md5": "098f6bcd4621d373cade4e832627b4f6",
            "content_sha1": "a94a8fe5ccb19ba61c4c0873d391e987982fbbd3",
            "content_sha256": "9f86d081884c7d659a2feaa0c55ad015a3bf4f1b2b0b822cd15d6c15b0f00a08",
            "content_sha512": "ee26b0dd4af7e749aa1a8ee3c10ae9923f618980772e473f8819a5d4940e0db27ac185f8a0e1d5f84f88bc887fd67b143732c304cc5fa9ad8e6f57f50028a8ff",
            "directory_permission": "0777",
            "file_permission": "0777",
            "filename": "file2.txt",
            "id": "a94a8fe5ccb19ba61c4c0873d391e987982fbbd3",
            "sensitive_content": null,
            "source": null
          },
          "sensitive_attributes": [
            [
              {
                "type": "get_attr",
                "value": "sensitive_content"
              }
            ]
          ]
        }
      ]
    }
  ],
  "check_results": null
}
