{
  "version": 4,
  "terraform_version": "1.9.7",
  "serial": 10,
  "lineage": "8ec07aa4-4a5b-7d63-9476-2bd4da6c1256",
  "outputs": {},
  "resources": [
    {
      "mode": "managed",
      "type": "local_file",
      "name": "listdataType",
      "provider": "provider[\"registry.terraform.io/hashicorp/local\"]",
      "instances": [
        {
          "schema_version": 0,
          "attributes": {
            "content": "hey",
            "content_base64": null,
            "content_base64sha256": "+mkLggYe39KFJimuuoqJd7V+QPy3fRp6KLJsumJZEgQ=",
            "content_base64sha512": "BgHRCdDSsPqcRIS0pclO5ezGLM7DvX2Z6XLRiZTQ4uQvbQ/PxBIWpaty7nr5bSE+HDFKvd5A9Scx/yTCv49zIw==",
            "content_md5": "6057f13c496ecf7fd777ceb9e79ae285",
            "content_sha1": "7f550a9f4c44173a37664d938f1355f0f92a47a7",
            "content_sha256": "fa690b82061edfd2852629aeba8a8977b57e40fcb77d1a7a28b26cba62591204",
            "content_sha512": "0601d109d0d2b0fa9c4484b4a5c94ee5ecc62ccec3bd7d99e972d18994d0e2e42f6d0fcfc41216a5ab72ee7af96d213e1c314abdde40f52731ff24c2bf8f7323",
            "directory_permission": "0777",
            "file_permission": "0777",
            "filename": "file2.txt",
            "id": "7f550a9f4c44173a37664d938f1355f0f92a47a7",
            "sensitive_content": null,
            "source": null
          },
          "sensitive_attributes": [
            [
              {
                "type": "get_attr",
                "value": "sensitive_content"
              }
            ]
          ]
        }
      ]
    },
    {
      "mode": "managed",
      "type": "local_file",
      "name": "listofString",
      "provider": "provider[\"registry.terraform.io/hashicorp/local\"]",
      "instances": [
        {
          "schema_version": 0,
          "attributes": {
            "content": "test1",
            "content_base64": null,
            "content_base64sha256": "G08OmFGXGZjnMgeFRMlrNsPQHO33yqMyNZ1vHYNWcBQ=",
            "content_base64sha512": "sW7X0ks+y9QWTc2tN04IwKt1GKoH+dNoPzTCs8Z6FYMCaMtKVsH/b1TI5Up5X1uHwIZotR+C0Ak/e67n0pgRgQ==",
            "content_md5": "5a105e8b9d40e1329780d62ea2265d8a",
            "content_sha1": "b444ac06613fc8d63795be9ad0beaf55011936ac",
            "content_sha256": "1b4f0e9851971998e732078544c96b36c3d01cedf7caa332359d6f1d83567014",
            "content_sha512": "b16ed7d24b3ecbd4164dcdad374e08c0ab7518aa07f9d3683f34c2b3c67a15830268cb4a56c1ff6f54c8e54a795f5b87c08668b51f82d0093f7baee7d2981181",
            "directory_permission": "0777",
            "file_permission": "0777",
            "filename": "file4.txt",
            "id": "b444ac06613fc8d63795be9ad0beaf55011936ac",
            "sensitive_content": null,
            "source": null
          },
          "sensitive_attributes": [
            [
              {
                "type": "get_attr",
                "value": "sensitive_content"
              }
            ]
          ]
        }
      ]
    },
    {
      "mode": "managed",
      "type": "local_file",
      "name": "listoflist",
      "provider": "provider[\"registry.terraform.io/hashicorp/local\"]",
      "instances": [
        {
          "schema_version": 0,
          "attributes": {
            "content": "6",
            "content_base64": null,
            "content_base64sha256": "5/bAEXdujbfNMwtUF0/Xb30CFrYSOHpf/PuB5vCRloM=",
            "content_base64sha512": "PJrVUUenFE9gZzJ8O4LqcOfFQmrdnO6k0H3CkCI5v54Em4hiXrZdAUp3GPeTVGCMqwkheCxkPwIImD//o1guQA==",
            "content_md5": "1679091c5a880faf6fb5e6087eb1b2dc",
            "content_sha1": "c1dfd96eea8cc2b62785275bca38ac261256e278",
            "content_sha256": "e7f6c011776e8db7cd330b54174fd76f7d0216b612387a5ffcfb81e6f0919683",
            "content_sha512": "3c9ad55147a7144f6067327c3b82ea70e7c5426add9ceea4d07dc2902239bf9e049b88625eb65d014a7718f79354608cab0921782c643f0208983fffa3582e40",
            "directory_permission": "0777",
            "file_permission": "0777",
            "filename": "file5.txt",
            "id": "c1dfd96eea8cc2b62785275bca38ac261256e278",
            "sensitive_content": null,
            "source": null
          },
          "sensitive_attributes": [
            [
              {
                "type": "get_attr",
                "value": "sensitive_content"
              }
            ]
          ]
        }
      ]
    },
    {
      "mode": "managed",
      "type": "local_file",
      "name": "mapdataType",
      "provider": "provider[\"registry.terraform.io/hashicorp/local\"]",
      "instances": [
        {
          "schema_version": 0,
          "attributes": {
            "content": "roopa",
            "content_base64": null,
            "content_base64sha256": "LNmbSAA6JKz5bTXuUPcRuu85zon/wshyaDNitqhfTPE=",
            "content_base64sha512": "Q6dC4FdnzWcyrjD0x+F0XN6o4xZbhMzjeId0aoOscLuGuQbxzwp90isPLIvPQwbDDdE1WauEHySwmlZlWE80tA==",
            "content_md5": "32b3b8eddc26e340a788e846505e1ce7",
            "content_sha1": "d3f6ba90004ada8c36186a20548ed980b7e493d1",
            "content_sha256": "2cd99b48003a24acf96d35ee50f711baef39ce89ffc2c872683362b6a85f4cf1",
            "content_sha512": "43a742e05767cd6732ae30f4c7e1745cdea8e3165b84cce37887746a83ac70bb86b906f1cf0a7dd22b0f2c8bcf4306c30dd13559ab841f24b09a5665584f34b4",
            "directory_permission": "0777",
            "file_permission": "0777",
            "filename": "file3.txt",
            "id": "d3f6ba90004ada8c36186a20548ed980b7e493d1",
            "sensitive_content": null,
            "source": null
          },
          "sensitive_attributes": [
            [
              {
                "type": "get_attr",
                "value": "sensitive_content"
              }
            ]
          ]
        }
      ]
    },
    {
      "mode": "managed",
      "type": "local_file",
      "name": "numbertype",
      "provider": "provider[\"registry.terraform.io/hashicorp/local\"]",
      "instances": [
        {
          "schema_version": 0,
          "attributes": {
            "content": "6",
            "content_base64": null,
            "content_base64sha256": "5/bAEXdujbfNMwtUF0/Xb30CFrYSOHpf/PuB5vCRloM=",
            "content_base64sha512": "PJrVUUenFE9gZzJ8O4LqcOfFQmrdnO6k0H3CkCI5v54Em4hiXrZdAUp3GPeTVGCMqwkheCxkPwIImD//o1guQA==",
            "content_md5": "1679091c5a880faf6fb5e6087eb1b2dc",
            "content_sha1": "c1dfd96eea8cc2b62785275bca38ac261256e278",
            "content_sha256": "e7f6c011776e8db7cd330b54174fd76f7d0216b612387a5ffcfb81e6f0919683",
            "content_sha512": "3c9ad55147a7144f6067327c3b82ea70e7c5426add9ceea4d07dc2902239bf9e049b88625eb65d014a7718f79354608cab0921782c643f0208983fffa3582e40",
            "directory_permission": "0777",
            "file_permission": "0777",
            "filename": "file1.txt",
            "id": "c1dfd96eea8cc2b62785275bca38ac261256e278",
            "sensitive_content": null,
            "source": null
          },
          "sensitive_attributes": [
            [
              {
                "type": "get_attr",
                "value": "sensitive_content"
              }
            ]
          ]
        }
      ]
    },
    {
      "mode": "managed",
      "type": "local_file",
      "name": "objectType",
      "provider": "provider[\"registry.terraform.io/hashicorp/local\"]",
      "instances": [
        {
          "schema_version": 0,
          "attributes": {
            "content": "123",
            "content_base64": null,
            "content_base64sha256": "pmWkWSBCL51Bfkhn79xPuKBKHz//H6B+mY6G9/eieuM=",
            "content_base64sha512": "PJkJr+wlNU1VHa4hWQuybjjVPyFzuNPcPu5MBH56scHri4UQPjvnumE7MbtcnDYhTcnxSkL9ei/bhIVrylxEwg==",
            "content_md5": "202cb962ac59075b964b07152d234b70",
            "content_sha1": "40bd001563085fc35165329ea1ff5c5ecbdbbeef",
            "content_sha256": "a665a45920422f9d417e4867efdc4fb8a04a1f3fff1fa07e998e86f7f7a27ae3",
            "content_sha512": "3c9909afec25354d551dae21590bb26e38d53f2173b8d3dc3eee4c047e7ab1c1eb8b85103e3be7ba613b31bb5c9c36214dc9f14a42fd7a2fdb84856bca5c44c2",
            "directory_permission": "0777",
            "file_permission": "0777",
            "filename": "file6.txt",
            "id": "40bd001563085fc35165329ea1ff5c5ecbdbbeef",
            "sensitive_content": null,
            "source": null
          },
          "sensitive_attributes": [
            [
              {
                "type": "get_attr",
                "value": "sensitive_content"
              }
            ]
          ]
        }
      ]
    },
    {
      "mode": "managed",
      "type": "local_file",
      "name": "tupletype",
      "provider": "provider[\"registry.terraform.io/hashicorp/local\"]",
      "instances": [
        {
          "schema_version": 0,
          "attributes": {
            "content": "vijaynagar",
            "content_base64": null,
            "content_base64sha256": "po9lp6l2LvUauMkkBEVhOFit7HnsnZNmySb7WtqdLlc=",
            "content_base64sha512": "D4DOg24Bx9Aq0fWzD68MuCAQ6jORUg9ICrLQGu5f/vZ5BOhwnyWsFdf1Lbdi6+aFJgHFaUBpyAHdo5dYGZBDhw==",
            "content_md5": "74243cfbbe1585a72c48e49df5fa76d3",
            "content_sha1": "21c1ce30e5d9c258ad7294e11bd5f94c8879d8e0",
            "content_sha256": "a68f65a7a9762ef51ab8c9240445613858adec79ec9d9366c926fb5ada9d2e57",
            "content_sha512": "0f80ce836e01c7d02ad1f5b30faf0cb82010ea3391520f480ab2d01aee5ffef67904e8709f25ac15d7f52db762ebe6852601c5694069c801dda3975819904387",
            "directory_permission": "0777",
            "file_permission": "0777",
            "filename": "file7.txt",
            "id": "21c1ce30e5d9c258ad7294e11bd5f94c8879d8e0",
            "sensitive_content": null,
            "source": null
          },
          "sensitive_attributes": [
            [
              {
                "type": "get_attr",
                "value": "sensitive_content"
              }
            ]
          ]
        }
      ]
    }
  ],
  "check_results": null
}
