{
  "version": 4,
  "terraform_version": "1.9.7",
  "serial": 4,
  "lineage": "8ec07aa4-4a5b-7d63-9476-2bd4da6c1256",
  "outputs": {},
  "resources": [
    {
      "mode": "managed",
      "type": "local_file",
      "name": "listdataType",
      "provider": "provider[\"registry.terraform.io/hashicorp/local\"]",
      "instances": [
        {
          "schema_version": 0,
          "attributes": {
            "content": "hey",
            "content_base64": null,
            "content_base64sha256": "+mkLggYe39KFJimuuoqJd7V+QPy3fRp6KLJsumJZEgQ=",
            "content_base64sha512": "BgHRCdDSsPqcRIS0pclO5ezGLM7DvX2Z6XLRiZTQ4uQvbQ/PxBIWpaty7nr5bSE+HDFKvd5A9Scx/yTCv49zIw==",
            "content_md5": "6057f13c496ecf7fd777ceb9e79ae285",
            "content_sha1": "7f550a9f4c44173a37664d938f1355f0f92a47a7",
            "content_sha256": "fa690b82061edfd2852629aeba8a8977b57e40fcb77d1a7a28b26cba62591204",
            "content_sha512": "0601d109d0d2b0fa9c4484b4a5c94ee5ecc62ccec3bd7d99e972d18994d0e2e42f6d0fcfc41216a5ab72ee7af96d213e1c314abdde40f52731ff24c2bf8f7323",
            "directory_permission": "0777",
            "file_permission": "0777",
            "filename": "file2.txt",
            "id": "7f550a9f4c44173a37664d938f1355f0f92a47a7",
            "sensitive_content": null,
            "source": null
          },
          "sensitive_attributes": [
            [
              {
                "type": "get_attr",
                "value": "sensitive_content"
              }
            ]
          ]
        }
      ]
    },
    {
      "mode": "managed",
      "type": "local_file",
      "name": "mapdataType",
      "provider": "provider[\"registry.terraform.io/hashicorp/local\"]",
      "instances": [
        {
          "schema_version": 0,
          "attributes": {
            "content": "roopa",
            "content_base64": null,
            "content_base64sha256": "LNmbSAA6JKz5bTXuUPcRuu85zon/wshyaDNitqhfTPE=",
            "content_base64sha512": "Q6dC4FdnzWcyrjD0x+F0XN6o4xZbhMzjeId0aoOscLuGuQbxzwp90isPLIvPQwbDDdE1WauEHySwmlZlWE80tA==",
            "content_md5": "32b3b8eddc26e340a788e846505e1ce7",
            "content_sha1": "d3f6ba90004ada8c36186a20548ed980b7e493d1",
            "content_sha256": "2cd99b48003a24acf96d35ee50f711baef39ce89ffc2c872683362b6a85f4cf1",
            "content_sha512": "43a742e05767cd6732ae30f4c7e1745cdea8e3165b84cce37887746a83ac70bb86b906f1cf0a7dd22b0f2c8bcf4306c30dd13559ab841f24b09a5665584f34b4",
            "directory_permission": "0777",
            "file_permission": "0777",
            "filename": "file3.txt",
            "id": "d3f6ba90004ada8c36186a20548ed980b7e493d1",
            "sensitive_content": null,
            "source": null
          },
          "sensitive_attributes": [
            [
              {
                "type": "get_attr",
                "value": "sensitive_content"
              }
            ]
          ]
        }
      ]
    },
    {
      "mode": "managed",
      "type": "local_file",
      "name": "numbertype",
      "provider": "provider[\"registry.terraform.io/hashicorp/local\"]",
      "instances": [
        {
          "schema_version": 0,
          "attributes": {
            "content": "6",
            "content_base64": null,
            "content_base64sha256": "5/bAEXdujbfNMwtUF0/Xb30CFrYSOHpf/PuB5vCRloM=",
            "content_base64sha512": "PJrVUUenFE9gZzJ8O4LqcOfFQmrdnO6k0H3CkCI5v54Em4hiXrZdAUp3GPeTVGCMqwkheCxkPwIImD//o1guQA==",
            "content_md5": "1679091c5a880faf6fb5e6087eb1b2dc",
            "content_sha1": "c1dfd96eea8cc2b62785275bca38ac261256e278",
            "content_sha256": "e7f6c011776e8db7cd330b54174fd76f7d0216b612387a5ffcfb81e6f0919683",
            "content_sha512": "3c9ad55147a7144f6067327c3b82ea70e7c5426add9ceea4d07dc2902239bf9e049b88625eb65d014a7718f79354608cab0921782c643f0208983fffa3582e40",
            "directory_permission": "0777",
            "file_permission": "0777",
            "filename": "file1.txt",
            "id": "c1dfd96eea8cc2b62785275bca38ac261256e278",
            "sensitive_content": null,
            "source": null
          },
          "sensitive_attributes": [
            [
              {
                "type": "get_attr",
                "value": "sensitive_content"
              }
            ]
          ]
        }
      ]
    }
  ],
  "check_results": null
}
